
Microsoft Visual Studio Solution File, Format Version 12.00
# Visual Studio Version 17
VisualStudioVersion = 17.13.35931.197 d17.13
MinimumVisualStudioVersion = 10.0.40219.1
Project("{FAE04EC0-301F-11D3-BF4B-00C04F79EFBC}") = "Tarhej.Dnn.ContactModule", "Tarhej.Dnn.ContactModule\Tarhej.Dnn.ContactModule.csproj", "{4130D773-4930-4C21-9BCF-0C5244F585D0}"
EndProject
Global
	GlobalSection(SolutionConfigurationPlatforms) = preSolution
		Debug|Any CPU = Debug|Any CPU
		Release|Any CPU = Release|Any CPU
	EndGlobalSection
	GlobalSection(ProjectConfigurationPlatforms) = postSolution
		{4130D773-4930-4C21-9BCF-0C5244F585D0}.Debug|Any CPU.ActiveCfg = Debug|Any CPU
		{4130D773-4930-4C21-9BCF-0C5244F585D0}.Debug|Any CPU.Build.0 = Debug|Any CPU
		{4130D773-4930-4C21-9BCF-0C5244F585D0}.Release|Any CPU.ActiveCfg = Release|Any CPU
		{4130D773-4930-4C21-9BCF-0C5244F585D0}.Release|Any CPU.Build.0 = Release|Any CPU
	EndGlobalSection
	GlobalSection(SolutionProperties) = preSolution
		HideSolutionNode = FALSE
	EndGlobalSection
	GlobalSection(ExtensibilityGlobals) = postSolution
		SolutionGuid = {AE7E3F2C-6D77-4585-979B-301ECF6D0A53}
	EndGlobalSection
EndGlobal
